
Microsoft Visual Studio Solution File, Format Version 12.00
# Visual Studio 2012
Project("{FAE04EC0-301F-11D3-BF4B-00C04F79EFBC}") = "MusicShop", "MusicShop\MusicShop.csproj", "{A5473E0B-8AF6-4DDE-BFC1-6EA6F7767494}"
EndProject
Project("{2150E333-8FDC-42A3-9474-1A3956D46DE8}") = "References", "References", "{93360FB2-4B23-46B2-8CC6-CAC4B903E572}"
	ProjectSection(SolutionItems) = preProject
		Csla.dll = Csla.dll
	EndProjectSection
EndProject
Project("{FAE04EC0-301F-11D3-BF4B-00C04F79EFBC}") = "MusicShop.DAL", "MusicShop.DAL\MusicShop.DAL.csproj", "{31C4C402-3E25-4425-8622-A8A67FCA0348}"
EndProject
Project("{FAE04EC0-301F-11D3-BF4B-00C04F79EFBC}") = "MusicShop.BLL", "MusicShop.BLL\MusicShop.BLL.csproj", "{2D209FEE-1E78-4FDA-9E19-5DB54F108B4E}"
EndProject
Global
	GlobalSection(SolutionConfigurationPlatforms) = preSolution
		Debug|Any CPU = Debug|Any CPU
		Release|Any CPU = Release|Any CPU
	EndGlobalSection
	GlobalSection(ProjectConfigurationPlatforms) = postSolution
		{A5473E0B-8AF6-4DDE-BFC1-6EA6F7767494}.Debug|Any CPU.ActiveCfg = Debug|Any CPU
		{A5473E0B-8AF6-4DDE-BFC1-6EA6F7767494}.Debug|Any CPU.Build.0 = Debug|Any CPU
		{A5473E0B-8AF6-4DDE-BFC1-6EA6F7767494}.Release|Any CPU.ActiveCfg = Release|Any CPU
		{A5473E0B-8AF6-4DDE-BFC1-6EA6F7767494}.Release|Any CPU.Build.0 = Release|Any CPU
		{31C4C402-3E25-4425-8622-A8A67FCA0348}.Debug|Any CPU.ActiveCfg = Debug|Any CPU
		{31C4C402-3E25-4425-8622-A8A67FCA0348}.Debug|Any CPU.Build.0 = Debug|Any CPU
		{31C4C402-3E25-4425-8622-A8A67FCA0348}.Release|Any CPU.ActiveCfg = Release|Any CPU
		{31C4C402-3E25-4425-8622-A8A67FCA0348}.Release|Any CPU.Build.0 = Release|Any CPU
		{2D209FEE-1E78-4FDA-9E19-5DB54F108B4E}.Debug|Any CPU.ActiveCfg = Debug|Any CPU
		{2D209FEE-1E78-4FDA-9E19-5DB54F108B4E}.Debug|Any CPU.Build.0 = Debug|Any CPU
		{2D209FEE-1E78-4FDA-9E19-5DB54F108B4E}.Release|Any CPU.ActiveCfg = Release|Any CPU
		{2D209FEE-1E78-4FDA-9E19-5DB54F108B4E}.Release|Any CPU.Build.0 = Release|Any CPU
	EndGlobalSection
	GlobalSection(SolutionProperties) = preSolution
		HideSolutionNode = FALSE
	EndGlobalSection
EndGlobal
